
Microsoft Visual Studio Solution File, Format Version 12.00
Project("{FAE04EC0-301F-11D3-BF4B-00C04F79EFBC}") = "SourceGeneratorConsole", "SourceGeneratorConsole\SourceGeneratorConsole.csproj", "{C16E3B17-3204-4FC2-A742-04AD701222F6}"
EndProject
Project("{FAE04EC0-301F-11D3-BF4B-00C04F79EFBC}") = "SourceGeneratorLibrary", "SourceGeneratorLibrary\SourceGeneratorLibrary.csproj", "{1187DCF0-14CB-4EAD-AD28-787FC4E18250}"
EndProject
Global
	GlobalSection(SolutionConfigurationPlatforms) = preSolution
		Debug|Any CPU = Debug|Any CPU
		Release|Any CPU = Release|Any CPU
	EndGlobalSection
	GlobalSection(ProjectConfigurationPlatforms) = postSolution
		{C16E3B17-3204-4FC2-A742-04AD701222F6}.Debug|Any CPU.ActiveCfg = Debug|Any CPU
		{C16E3B17-3204-4FC2-A742-04AD701222F6}.Debug|Any CPU.Build.0 = Debug|Any CPU
		{C16E3B17-3204-4FC2-A742-04AD701222F6}.Release|Any CPU.ActiveCfg = Release|Any CPU
		{C16E3B17-3204-4FC2-A742-04AD701222F6}.Release|Any CPU.Build.0 = Release|Any CPU
		{1187DCF0-14CB-4EAD-AD28-787FC4E18250}.Debug|Any CPU.ActiveCfg = Debug|Any CPU
		{1187DCF0-14CB-4EAD-AD28-787FC4E18250}.Debug|Any CPU.Build.0 = Debug|Any CPU
		{1187DCF0-14CB-4EAD-AD28-787FC4E18250}.Release|Any CPU.ActiveCfg = Release|Any CPU
		{1187DCF0-14CB-4EAD-AD28-787FC4E18250}.Release|Any CPU.Build.0 = Release|Any CPU
	EndGlobalSection
EndGlobal
